
Microsoft Visual Studio Solution File, Format Version 12.00
# Visual Studio 15
VisualStudioVersion = 15.0.27130.2036
MinimumVisualStudioVersion = 10.0.40219.1
Project("{9A19103F-16F7-4668-BE54-9A1E7A4F7556}") = "FlyBirdYoYo.Utilities", "FlyBirdPrint.Utilities\FlyBirdYoYo.Utilities.csproj", "{38DA9C4A-2F9F-4D9C-A69E-26234B34A51C}"
EndProject
Project("{9A19103F-16F7-4668-BE54-9A1E7A4F7556}") = "FlyBirdYoYo.Web", "FlyBirdPrint.Web\FlyBirdYoYo.Web.csproj", "{03F6E346-6C10-4AB2-A3E5-C5B034DC4F00}"
EndProject
Project("{2150E333-8FDC-42A3-9474-1A3956D46DE8}") = "Unit.Test", "Unit.Test", "{F877357D-C063-4B9E-8A46-EAE186520909}"
EndProject
Project("{2150E333-8FDC-42A3-9474-1A3956D46DE8}") = "Libraries", "Libraries", "{770C2EB9-AAA0-456F-901D-04826637C088}"
EndProject
Project("{9A19103F-16F7-4668-BE54-9A1E7A4F7556}") = "FlyBirdYoYo.DomainEntity", "FlyBirdPrint.DomainEntity\FlyBirdYoYo.DomainEntity.csproj", "{442F1B5B-FA5E-497B-8D83-C79CCF8B66EE}"
EndProject
Project("{9A19103F-16F7-4668-BE54-9A1E7A4F7556}") = "FlyBirdYoYo.DbManage", "FlyBirdPrint.DbManage\FlyBirdYoYo.DbManage.csproj", "{4DB3E097-94D8-4D9F-824E-ED3F396D87EF}"
EndProject
Project("{9A19103F-16F7-4668-BE54-9A1E7A4F7556}") = "FlyBirdYoYo.DbManage.Tests", "FlyBirdPrint.DbManage.Tests\FlyBirdYoYo.DbManage.Tests.csproj", "{0A5D116F-8858-41FF-9180-483C383AC896}"
EndProject
Project("{9A19103F-16F7-4668-BE54-9A1E7A4F7556}") = "FlyBirdYoYo.Data", "FlyBirdPrint.Data\FlyBirdYoYo.Data.csproj", "{96ED6772-1908-4814-BFA2-53FD0F29AC7C}"
EndProject
Project("{9A19103F-16F7-4668-BE54-9A1E7A4F7556}") = "FlyBirdYoYo.BusinessServices.Tests", "FlyBirdPrint.BusinessServices.Tests\FlyBirdYoYo.BusinessServices.Tests.csproj", "{F0D067F2-6010-40BE-8E7A-680A799C4C79}"
EndProject
Project("{9A19103F-16F7-4668-BE54-9A1E7A4F7556}") = "FlyBirdYoYo.BusinessServices", "FlyBirdPrint.BusinessServices\FlyBirdYoYo.BusinessServices.csproj", "{F8D7E44A-A5FB-4894-ACF7-7EB289D7384D}"
EndProject
Project("{2150E333-8FDC-42A3-9474-1A3956D46DE8}") = "Alibaba", "Alibaba", "{C2FD6D74-CE1C-451D-84CC-089B2DD343F7}"
EndProject
Project("{2150E333-8FDC-42A3-9474-1A3956D46DE8}") = "Pdd", "Pdd", "{FFB77FC1-87DB-4F7D-8F4D-E496C008FD64}"
EndProject
Project("{9A19103F-16F7-4668-BE54-9A1E7A4F7556}") = "TopSdk.Core", "Platforms\Alibaba\TopSdk\TopSdk.Core.csproj", "{9751A985-78B6-4BD9-98E7-CB9C88D9263D}"
EndProject
Project("{9A19103F-16F7-4668-BE54-9A1E7A4F7556}") = "Alipay.AopSdk.AspNetCore", "Platforms\Alibaba\Alipay.AopSdk.AspnetCore\Alipay.AopSdk.AspNetCore.csproj", "{DC602C60-1CE0-4D93-9A19-FBD621EEA4EA}"
EndProject
Project("{9A19103F-16F7-4668-BE54-9A1E7A4F7556}") = "Pdd.OpenSdk.Core", "Pdd.OpenSdk.Core\Pdd.OpenSdk.Core.csproj", "{662F72C3-A95E-42E8-9819-2D1088E350AF}"
EndProject
Project("{9A19103F-16F7-4668-BE54-9A1E7A4F7556}") = "Pdd.OpenSdk.AspNetCore", "Pdd.OpenSdk.AspNetCore\Pdd.OpenSdk.AspNetCore.csproj", "{3E67A48F-4BB2-402A-9FCE-D7DA5879062B}"
EndProject
Project("{2150E333-8FDC-42A3-9474-1A3956D46DE8}") = "CaiNiao", "CaiNiao", "{CAE3128A-FF95-4E44-B201-8B3B6E96BA00}"
EndProject
Project("{9A19103F-16F7-4668-BE54-9A1E7A4F7556}") = "Taobao.Pac.Sdk.Core", "Taobao.Pac.Sdk\Taobao.Pac.Sdk.Core.csproj", "{1D35E6AC-1BCD-48EA-90DD-ADF06ADE03BC}"
EndProject
Project("{9A19103F-16F7-4668-BE54-9A1E7A4F7556}") = "Taobao.Pac.Sdk.AspNetCore", "Taobao.Pac.Sdk.AspNetCore\Taobao.Pac.Sdk.AspNetCore.csproj", "{06BA57BC-F575-4998-A6CA-F6897CFC1D90}"
EndProject
Project("{9A19103F-16F7-4668-BE54-9A1E7A4F7556}") = "Alipay.AopSdk.Core", "Platforms\Alibaba\Alipay.AopSdk.Core\Alipay.AopSdk.Core.csproj", "{E053C46E-B7EC-47BA-A948-EA35F38430DB}"
EndProject
Global
	GlobalSection(SolutionConfigurationPlatforms) = preSolution
		Debug|Any CPU = Debug|Any CPU
		Release|Any CPU = Release|Any CPU
		ReleaseNET40_Only|Any CPU = ReleaseNET40_Only|Any CPU
	EndGlobalSection
	GlobalSection(ProjectConfigurationPlatforms) = postSolution
		{38DA9C4A-2F9F-4D9C-A69E-26234B34A51C}.Debug|Any CPU.ActiveCfg = Debug|Any CPU
		{38DA9C4A-2F9F-4D9C-A69E-26234B34A51C}.Debug|Any CPU.Build.0 = Debug|Any CPU
		{38DA9C4A-2F9F-4D9C-A69E-26234B34A51C}.Release|Any CPU.ActiveCfg = Release|Any CPU
		{38DA9C4A-2F9F-4D9C-A69E-26234B34A51C}.Release|Any CPU.Build.0 = Release|Any CPU
		{38DA9C4A-2F9F-4D9C-A69E-26234B34A51C}.ReleaseNET40_Only|Any CPU.ActiveCfg = Release|Any CPU
		{38DA9C4A-2F9F-4D9C-A69E-26234B34A51C}.ReleaseNET40_Only|Any CPU.Build.0 = Release|Any CPU
		{03F6E346-6C10-4AB2-A3E5-C5B034DC4F00}.Debug|Any CPU.ActiveCfg = Debug|Any CPU
		{03F6E346-6C10-4AB2-A3E5-C5B034DC4F00}.Debug|Any CPU.Build.0 = Debug|Any CPU
		{03F6E346-6C10-4AB2-A3E5-C5B034DC4F00}.Release|Any CPU.ActiveCfg = Release|Any CPU
		{03F6E346-6C10-4AB2-A3E5-C5B034DC4F00}.Release|Any CPU.Build.0 = Release|Any CPU
		{03F6E346-6C10-4AB2-A3E5-C5B034DC4F00}.ReleaseNET40_Only|Any CPU.ActiveCfg = Release|Any CPU
		{03F6E346-6C10-4AB2-A3E5-C5B034DC4F00}.ReleaseNET40_Only|Any CPU.Build.0 = Release|Any CPU
		{442F1B5B-FA5E-497B-8D83-C79CCF8B66EE}.Debug|Any CPU.ActiveCfg = Debug|Any CPU
		{442F1B5B-FA5E-497B-8D83-C79CCF8B66EE}.Debug|Any CPU.Build.0 = Debug|Any CPU
		{442F1B5B-FA5E-497B-8D83-C79CCF8B66EE}.Release|Any CPU.ActiveCfg = Release|Any CPU
		{442F1B5B-FA5E-497B-8D83-C79CCF8B66EE}.Release|Any CPU.Build.0 = Release|Any CPU
		{442F1B5B-FA5E-497B-8D83-C79CCF8B66EE}.ReleaseNET40_Only|Any CPU.ActiveCfg = Release|Any CPU
		{442F1B5B-FA5E-497B-8D83-C79CCF8B66EE}.ReleaseNET40_Only|Any CPU.Build.0 = Release|Any CPU
		{4DB3E097-94D8-4D9F-824E-ED3F396D87EF}.Debug|Any CPU.ActiveCfg = Debug|Any CPU
		{4DB3E097-94D8-4D9F-824E-ED3F396D87EF}.Debug|Any CPU.Build.0 = Debug|Any CPU
		{4DB3E097-94D8-4D9F-824E-ED3F396D87EF}.Release|Any CPU.ActiveCfg = Release|Any CPU
		{4DB3E097-94D8-4D9F-824E-ED3F396D87EF}.Release|Any CPU.Build.0 = Release|Any CPU
		{4DB3E097-94D8-4D9F-824E-ED3F396D87EF}.ReleaseNET40_Only|Any CPU.ActiveCfg = Release|Any CPU
		{4DB3E097-94D8-4D9F-824E-ED3F396D87EF}.ReleaseNET40_Only|Any CPU.Build.0 = Release|Any CPU
		{0A5D116F-8858-41FF-9180-483C383AC896}.Debug|Any CPU.ActiveCfg = Debug|Any CPU
		{0A5D116F-8858-41FF-9180-483C383AC896}.Debug|Any CPU.Build.0 = Debug|Any CPU
		{0A5D116F-8858-41FF-9180-483C383AC896}.Release|Any CPU.ActiveCfg = Release|Any CPU
		{0A5D116F-8858-41FF-9180-483C383AC896}.Release|Any CPU.Build.0 = Release|Any CPU
		{0A5D116F-8858-41FF-9180-483C383AC896}.ReleaseNET40_Only|Any CPU.ActiveCfg = Release|Any CPU
		{0A5D116F-8858-41FF-9180-483C383AC896}.ReleaseNET40_Only|Any CPU.Build.0 = Release|Any CPU
		{96ED6772-1908-4814-BFA2-53FD0F29AC7C}.Debug|Any CPU.ActiveCfg = Debug|Any CPU
		{96ED6772-1908-4814-BFA2-53FD0F29AC7C}.Debug|Any CPU.Build.0 = Debug|Any CPU
		{96ED6772-1908-4814-BFA2-53FD0F29AC7C}.Release|Any CPU.ActiveCfg = Release|Any CPU
		{96ED6772-1908-4814-BFA2-53FD0F29AC7C}.Release|Any CPU.Build.0 = Release|Any CPU
		{96ED6772-1908-4814-BFA2-53FD0F29AC7C}.ReleaseNET40_Only|Any CPU.ActiveCfg = Release|Any CPU
		{96ED6772-1908-4814-BFA2-53FD0F29AC7C}.ReleaseNET40_Only|Any CPU.Build.0 = Release|Any CPU
		{F0D067F2-6010-40BE-8E7A-680A799C4C79}.Debug|Any CPU.ActiveCfg = Debug|Any CPU
		{F0D067F2-6010-40BE-8E7A-680A799C4C79}.Debug|Any CPU.Build.0 = Debug|Any CPU
		{F0D067F2-6010-40BE-8E7A-680A799C4C79}.Release|Any CPU.ActiveCfg = Release|Any CPU
		{F0D067F2-6010-40BE-8E7A-680A799C4C79}.Release|Any CPU.Build.0 = Release|Any CPU
		{F0D067F2-6010-40BE-8E7A-680A799C4C79}.ReleaseNET40_Only|Any CPU.ActiveCfg = Release|Any CPU
		{F0D067F2-6010-40BE-8E7A-680A799C4C79}.ReleaseNET40_Only|Any CPU.Build.0 = Release|Any CPU
		{F8D7E44A-A5FB-4894-ACF7-7EB289D7384D}.Debug|Any CPU.ActiveCfg = Debug|Any CPU
		{F8D7E44A-A5FB-4894-ACF7-7EB289D7384D}.Debug|Any CPU.Build.0 = Debug|Any CPU
		{F8D7E44A-A5FB-4894-ACF7-7EB289D7384D}.Release|Any CPU.ActiveCfg = Release|Any CPU
		{F8D7E44A-A5FB-4894-ACF7-7EB289D7384D}.Release|Any CPU.Build.0 = Release|Any CPU
		{F8D7E44A-A5FB-4894-ACF7-7EB289D7384D}.ReleaseNET40_Only|Any CPU.ActiveCfg = Release|Any CPU
		{F8D7E44A-A5FB-4894-ACF7-7EB289D7384D}.ReleaseNET40_Only|Any CPU.Build.0 = Release|Any CPU
		{9751A985-78B6-4BD9-98E7-CB9C88D9263D}.Debug|Any CPU.ActiveCfg = Debug|Any CPU
		{9751A985-78B6-4BD9-98E7-CB9C88D9263D}.Debug|Any CPU.Build.0 = Debug|Any CPU
		{9751A985-78B6-4BD9-98E7-CB9C88D9263D}.Release|Any CPU.ActiveCfg = Release|Any CPU
		{9751A985-78B6-4BD9-98E7-CB9C88D9263D}.Release|Any CPU.Build.0 = Release|Any CPU
		{9751A985-78B6-4BD9-98E7-CB9C88D9263D}.ReleaseNET40_Only|Any CPU.ActiveCfg = Release|Any CPU
		{9751A985-78B6-4BD9-98E7-CB9C88D9263D}.ReleaseNET40_Only|Any CPU.Build.0 = Release|Any CPU
		{DC602C60-1CE0-4D93-9A19-FBD621EEA4EA}.Debug|Any CPU.ActiveCfg = Debug|Any CPU
		{DC602C60-1CE0-4D93-9A19-FBD621EEA4EA}.Debug|Any CPU.Build.0 = Debug|Any CPU
		{DC602C60-1CE0-4D93-9A19-FBD621EEA4EA}.Release|Any CPU.ActiveCfg = Release|Any CPU
		{DC602C60-1CE0-4D93-9A19-FBD621EEA4EA}.Release|Any CPU.Build.0 = Release|Any CPU
		{DC602C60-1CE0-4D93-9A19-FBD621EEA4EA}.ReleaseNET40_Only|Any CPU.ActiveCfg = Release|Any CPU
		{DC602C60-1CE0-4D93-9A19-FBD621EEA4EA}.ReleaseNET40_Only|Any CPU.Build.0 = Release|Any CPU
		{662F72C3-A95E-42E8-9819-2D1088E350AF}.Debug|Any CPU.ActiveCfg = Debug|Any CPU
		{662F72C3-A95E-42E8-9819-2D1088E350AF}.Debug|Any CPU.Build.0 = Debug|Any CPU
		{662F72C3-A95E-42E8-9819-2D1088E350AF}.Release|Any CPU.ActiveCfg = Release|Any CPU
		{662F72C3-A95E-42E8-9819-2D1088E350AF}.Release|Any CPU.Build.0 = Release|Any CPU
		{662F72C3-A95E-42E8-9819-2D1088E350AF}.ReleaseNET40_Only|Any CPU.ActiveCfg = Release|Any CPU
		{662F72C3-A95E-42E8-9819-2D1088E350AF}.ReleaseNET40_Only|Any CPU.Build.0 = Release|Any CPU
		{3E67A48F-4BB2-402A-9FCE-D7DA5879062B}.Debug|Any CPU.ActiveCfg = Debug|Any CPU
		{3E67A48F-4BB2-402A-9FCE-D7DA5879062B}.Debug|Any CPU.Build.0 = Debug|Any CPU
		{3E67A48F-4BB2-402A-9FCE-D7DA5879062B}.Release|Any CPU.ActiveCfg = Release|Any CPU
		{3E67A48F-4BB2-402A-9FCE-D7DA5879062B}.Release|Any CPU.Build.0 = Release|Any CPU
		{3E67A48F-4BB2-402A-9FCE-D7DA5879062B}.ReleaseNET40_Only|Any CPU.ActiveCfg = Release|Any CPU
		{3E67A48F-4BB2-402A-9FCE-D7DA5879062B}.ReleaseNET40_Only|Any CPU.Build.0 = Release|Any CPU
		{1D35E6AC-1BCD-48EA-90DD-ADF06ADE03BC}.Debug|Any CPU.ActiveCfg = Debug|Any CPU
		{1D35E6AC-1BCD-48EA-90DD-ADF06ADE03BC}.Debug|Any CPU.Build.0 = Debug|Any CPU
		{1D35E6AC-1BCD-48EA-90DD-ADF06ADE03BC}.Release|Any CPU.ActiveCfg = Release|Any CPU
		{1D35E6AC-1BCD-48EA-90DD-ADF06ADE03BC}.Release|Any CPU.Build.0 = Release|Any CPU
		{1D35E6AC-1BCD-48EA-90DD-ADF06ADE03BC}.ReleaseNET40_Only|Any CPU.ActiveCfg = Release|Any CPU
		{1D35E6AC-1BCD-48EA-90DD-ADF06ADE03BC}.ReleaseNET40_Only|Any CPU.Build.0 = Release|Any CPU
		{06BA57BC-F575-4998-A6CA-F6897CFC1D90}.Debug|Any CPU.ActiveCfg = Debug|Any CPU
		{06BA57BC-F575-4998-A6CA-F6897CFC1D90}.Debug|Any CPU.Build.0 = Debug|Any CPU
		{06BA57BC-F575-4998-A6CA-F6897CFC1D90}.Release|Any CPU.ActiveCfg = Release|Any CPU
		{06BA57BC-F575-4998-A6CA-F6897CFC1D90}.Release|Any CPU.Build.0 = Release|Any CPU
		{06BA57BC-F575-4998-A6CA-F6897CFC1D90}.ReleaseNET40_Only|Any CPU.ActiveCfg = Release|Any CPU
		{06BA57BC-F575-4998-A6CA-F6897CFC1D90}.ReleaseNET40_Only|Any CPU.Build.0 = Release|Any CPU
		{E053C46E-B7EC-47BA-A948-EA35F38430DB}.Debug|Any CPU.ActiveCfg = Debug|Any CPU
		{E053C46E-B7EC-47BA-A948-EA35F38430DB}.Debug|Any CPU.Build.0 = Debug|Any CPU
		{E053C46E-B7EC-47BA-A948-EA35F38430DB}.Release|Any CPU.ActiveCfg = Release|Any CPU
		{E053C46E-B7EC-47BA-A948-EA35F38430DB}.Release|Any CPU.Build.0 = Release|Any CPU
		{E053C46E-B7EC-47BA-A948-EA35F38430DB}.ReleaseNET40_Only|Any CPU.ActiveCfg = Release|Any CPU
		{E053C46E-B7EC-47BA-A948-EA35F38430DB}.ReleaseNET40_Only|Any CPU.Build.0 = Release|Any CPU
	EndGlobalSection
	GlobalSection(SolutionProperties) = preSolution
		HideSolutionNode = FALSE
	EndGlobalSection
	GlobalSection(NestedProjects) = preSolution
		{38DA9C4A-2F9F-4D9C-A69E-26234B34A51C} = {770C2EB9-AAA0-456F-901D-04826637C088}
		{442F1B5B-FA5E-497B-8D83-C79CCF8B66EE} = {770C2EB9-AAA0-456F-901D-04826637C088}
		{4DB3E097-94D8-4D9F-824E-ED3F396D87EF} = {770C2EB9-AAA0-456F-901D-04826637C088}
		{0A5D116F-8858-41FF-9180-483C383AC896} = {F877357D-C063-4B9E-8A46-EAE186520909}
		{96ED6772-1908-4814-BFA2-53FD0F29AC7C} = {770C2EB9-AAA0-456F-901D-04826637C088}
		{F0D067F2-6010-40BE-8E7A-680A799C4C79} = {F877357D-C063-4B9E-8A46-EAE186520909}
		{F8D7E44A-A5FB-4894-ACF7-7EB289D7384D} = {770C2EB9-AAA0-456F-901D-04826637C088}
		{C2FD6D74-CE1C-451D-84CC-089B2DD343F7} = {770C2EB9-AAA0-456F-901D-04826637C088}
		{FFB77FC1-87DB-4F7D-8F4D-E496C008FD64} = {770C2EB9-AAA0-456F-901D-04826637C088}
		{9751A985-78B6-4BD9-98E7-CB9C88D9263D} = {C2FD6D74-CE1C-451D-84CC-089B2DD343F7}
		{DC602C60-1CE0-4D93-9A19-FBD621EEA4EA} = {C2FD6D74-CE1C-451D-84CC-089B2DD343F7}
		{662F72C3-A95E-42E8-9819-2D1088E350AF} = {FFB77FC1-87DB-4F7D-8F4D-E496C008FD64}
		{3E67A48F-4BB2-402A-9FCE-D7DA5879062B} = {FFB77FC1-87DB-4F7D-8F4D-E496C008FD64}
		{CAE3128A-FF95-4E44-B201-8B3B6E96BA00} = {770C2EB9-AAA0-456F-901D-04826637C088}
		{1D35E6AC-1BCD-48EA-90DD-ADF06ADE03BC} = {CAE3128A-FF95-4E44-B201-8B3B6E96BA00}
		{06BA57BC-F575-4998-A6CA-F6897CFC1D90} = {CAE3128A-FF95-4E44-B201-8B3B6E96BA00}
		{E053C46E-B7EC-47BA-A948-EA35F38430DB} = {C2FD6D74-CE1C-451D-84CC-089B2DD343F7}
	EndGlobalSection
	GlobalSection(ExtensibilityGlobals) = postSolution
		SolutionGuid = {DE4D2FBD-D13D-4D4A-B3E0-4A383D799357}
	EndGlobalSection
EndGlobal
